
Microsoft Visual Studio Solution File, Format Version 12.00
# Visual Studio 2013
VisualStudioVersion = 12.0.21005.1
MinimumVisualStudioVersion = 10.0.40219.1
Project("{FAE04EC0-301F-11D3-BF4B-00C04F79EFBC}") = "SpaceXRESTAPITestCases", "SpaceXRESTAPITestCases\SpaceXRESTAPITestCases.csproj", "{19045D1C-D938-42C6-8BBC-CD578BFEF1E9}"
EndProject
Project("{FAE04EC0-301F-11D3-BF4B-00C04F79EFBC}") = "SpaceXRESTAPIBAL", "..\SpaceXRESTAPIBAL\SpaceXRESTAPIBAL.csproj", "{0F4077A2-4466-4878-94E8-E534B6694AAB}"
EndProject
Project("{FAE04EC0-301F-11D3-BF4B-00C04F79EFBC}") = "SpaceXRESTAPIDAL", "..\SpaceXRESTAPIDAL\SpaceXRESTAPIDAL.csproj", "{E940C3C3-DF7B-41B4-BAF8-2F51639F9FC3}"
EndProject
Global
	GlobalSection(SolutionConfigurationPlatforms) = preSolution
		Debug|Any CPU = Debug|Any CPU
		Release|Any CPU = Release|Any CPU
	EndGlobalSection
	GlobalSection(ProjectConfigurationPlatforms) = postSolution
		{19045D1C-D938-42C6-8BBC-CD578BFEF1E9}.Debug|Any CPU.ActiveCfg = Debug|Any CPU
		{19045D1C-D938-42C6-8BBC-CD578BFEF1E9}.Debug|Any CPU.Build.0 = Debug|Any CPU
		{19045D1C-D938-42C6-8BBC-CD578BFEF1E9}.Release|Any CPU.ActiveCfg = Release|Any CPU
		{19045D1C-D938-42C6-8BBC-CD578BFEF1E9}.Release|Any CPU.Build.0 = Release|Any CPU
		{0F4077A2-4466-4878-94E8-E534B6694AAB}.Debug|Any CPU.ActiveCfg = Debug|Any CPU
		{0F4077A2-4466-4878-94E8-E534B6694AAB}.Debug|Any CPU.Build.0 = Debug|Any CPU
		{0F4077A2-4466-4878-94E8-E534B6694AAB}.Release|Any CPU.ActiveCfg = Release|Any CPU
		{0F4077A2-4466-4878-94E8-E534B6694AAB}.Release|Any CPU.Build.0 = Release|Any CPU
		{E940C3C3-DF7B-41B4-BAF8-2F51639F9FC3}.Debug|Any CPU.ActiveCfg = Debug|Any CPU
		{E940C3C3-DF7B-41B4-BAF8-2F51639F9FC3}.Debug|Any CPU.Build.0 = Debug|Any CPU
		{E940C3C3-DF7B-41B4-BAF8-2F51639F9FC3}.Release|Any CPU.ActiveCfg = Release|Any CPU
		{E940C3C3-DF7B-41B4-BAF8-2F51639F9FC3}.Release|Any CPU.Build.0 = Release|Any CPU
	EndGlobalSection
	GlobalSection(SolutionProperties) = preSolution
		HideSolutionNode = FALSE
	EndGlobalSection
EndGlobal
