
Microsoft Visual Studio Solution File, Format Version 12.00
# Visual Studio 2013
VisualStudioVersion = 12.0.21005.1
MinimumVisualStudioVersion = 10.0.40219.1
Project("{FAE04EC0-301F-11D3-BF4B-00C04F79EFBC}") = "FlightBookingTestCases", "FlightBookingTestCases\FlightBookingTestCases.csproj", "{D2D6AABC-26A0-4EAB-89F7-A8CFE1B5F914}"
EndProject
Project("{FAE04EC0-301F-11D3-BF4B-00C04F79EFBC}") = "FlightBookingBAL", "..\FlightBookingBAL\FlightBookingBAL.csproj", "{B4C32D0A-9137-4080-A2E2-012AB0729DA2}"
EndProject
Project("{FAE04EC0-301F-11D3-BF4B-00C04F79EFBC}") = "FlightBookingDAL", "..\FlightBookingDAL\FlightBookingDAL.csproj", "{20B0D33E-436C-4601-AD15-87755633317E}"
EndProject
Global
	GlobalSection(SolutionConfigurationPlatforms) = preSolution
		Debug|Any CPU = Debug|Any CPU
		Release|Any CPU = Release|Any CPU
	EndGlobalSection
	GlobalSection(ProjectConfigurationPlatforms) = postSolution
		{D2D6AABC-26A0-4EAB-89F7-A8CFE1B5F914}.Debug|Any CPU.ActiveCfg = Debug|Any CPU
		{D2D6AABC-26A0-4EAB-89F7-A8CFE1B5F914}.Debug|Any CPU.Build.0 = Debug|Any CPU
		{D2D6AABC-26A0-4EAB-89F7-A8CFE1B5F914}.Release|Any CPU.ActiveCfg = Release|Any CPU
		{D2D6AABC-26A0-4EAB-89F7-A8CFE1B5F914}.Release|Any CPU.Build.0 = Release|Any CPU
		{B4C32D0A-9137-4080-A2E2-012AB0729DA2}.Debug|Any CPU.ActiveCfg = Debug|Any CPU
		{B4C32D0A-9137-4080-A2E2-012AB0729DA2}.Debug|Any CPU.Build.0 = Debug|Any CPU
		{B4C32D0A-9137-4080-A2E2-012AB0729DA2}.Release|Any CPU.ActiveCfg = Release|Any CPU
		{B4C32D0A-9137-4080-A2E2-012AB0729DA2}.Release|Any CPU.Build.0 = Release|Any CPU
		{20B0D33E-436C-4601-AD15-87755633317E}.Debug|Any CPU.ActiveCfg = Debug|Any CPU
		{20B0D33E-436C-4601-AD15-87755633317E}.Debug|Any CPU.Build.0 = Debug|Any CPU
		{20B0D33E-436C-4601-AD15-87755633317E}.Release|Any CPU.ActiveCfg = Release|Any CPU
		{20B0D33E-436C-4601-AD15-87755633317E}.Release|Any CPU.Build.0 = Release|Any CPU
	EndGlobalSection
	GlobalSection(SolutionProperties) = preSolution
		HideSolutionNode = FALSE
	EndGlobalSection
EndGlobal
